
Microsoft Visual Studio Solution File, Format Version 12.00
# Visual Studio Version 17
VisualStudioVersion = 17.5.33424.131
MinimumVisualStudioVersion = 10.0.40219.1
Project("{9A19103F-16F7-4668-BE54-9A1E7A4F7556}") = "WeaterLibrary", "WeaterLibrary\WeaterLibrary.csproj", "{E83EF21E-739A-45AD-9D6B-441C150CB4EE}"
EndProject
Project("{FAE04EC0-301F-11D3-BF4B-00C04F79EFBC}") = "WeatherTestt", "WeatherTestt\WeatherTestt.csproj", "{48CA5554-F515-4448-9209-4B5C97746178}"
EndProject
Global
	GlobalSection(SolutionConfigurationPlatforms) = preSolution
		Debug|Any CPU = Debug|Any CPU
		Release|Any CPU = Release|Any CPU
	EndGlobalSection
	GlobalSection(ProjectConfigurationPlatforms) = postSolution
		{E83EF21E-739A-45AD-9D6B-441C150CB4EE}.Debug|Any CPU.ActiveCfg = Debug|Any CPU
		{E83EF21E-739A-45AD-9D6B-441C150CB4EE}.Debug|Any CPU.Build.0 = Debug|Any CPU
		{E83EF21E-739A-45AD-9D6B-441C150CB4EE}.Release|Any CPU.ActiveCfg = Release|Any CPU
		{E83EF21E-739A-45AD-9D6B-441C150CB4EE}.Release|Any CPU.Build.0 = Release|Any CPU
		{48CA5554-F515-4448-9209-4B5C97746178}.Debug|Any CPU.ActiveCfg = Debug|Any CPU
		{48CA5554-F515-4448-9209-4B5C97746178}.Debug|Any CPU.Build.0 = Debug|Any CPU
		{48CA5554-F515-4448-9209-4B5C97746178}.Release|Any CPU.ActiveCfg = Release|Any CPU
		{48CA5554-F515-4448-9209-4B5C97746178}.Release|Any CPU.Build.0 = Release|Any CPU
	EndGlobalSection
	GlobalSection(SolutionProperties) = preSolution
		HideSolutionNode = FALSE
	EndGlobalSection
	GlobalSection(ExtensibilityGlobals) = postSolution
		SolutionGuid = {8D47BCDB-D646-4269-BB97-917BF2E8806C}
	EndGlobalSection
EndGlobal
